
Microsoft Visual Studio Solution File, Format Version 12.00
# Visual Studio Version 16
VisualStudioVersion = 16.0.30907.101
MinimumVisualStudioVersion = 10.0.40219.1
Project("{FAE04EC0-301F-11D3-BF4B-00C04F79EFBC}") = "Delegate", "Delegate\Delegate.csproj", "{8FE6E411-D2AE-475C-85B6-6E77CCE6AAE5}"
EndProject
Project("{FAE04EC0-301F-11D3-BF4B-00C04F79EFBC}") = "Delegate1", "Delegate1\Delegate1.csproj", "{88560F8D-BEAF-41DF-A80D-446AC3BF83D5}"
EndProject
Global
	GlobalSection(SolutionConfigurationPlatforms) = preSolution
		Debug|Any CPU = Debug|Any CPU
		Release|Any CPU = Release|Any CPU
	EndGlobalSection
	GlobalSection(ProjectConfigurationPlatforms) = postSolution
		{8FE6E411-D2AE-475C-85B6-6E77CCE6AAE5}.Debug|Any CPU.ActiveCfg = Debug|Any CPU
		{8FE6E411-D2AE-475C-85B6-6E77CCE6AAE5}.Debug|Any CPU.Build.0 = Debug|Any CPU
		{8FE6E411-D2AE-475C-85B6-6E77CCE6AAE5}.Release|Any CPU.ActiveCfg = Release|Any CPU
		{8FE6E411-D2AE-475C-85B6-6E77CCE6AAE5}.Release|Any CPU.Build.0 = Release|Any CPU
		{88560F8D-BEAF-41DF-A80D-446AC3BF83D5}.Debug|Any CPU.ActiveCfg = Debug|Any CPU
		{88560F8D-BEAF-41DF-A80D-446AC3BF83D5}.Debug|Any CPU.Build.0 = Debug|Any CPU
		{88560F8D-BEAF-41DF-A80D-446AC3BF83D5}.Release|Any CPU.ActiveCfg = Release|Any CPU
		{88560F8D-BEAF-41DF-A80D-446AC3BF83D5}.Release|Any CPU.Build.0 = Release|Any CPU
	EndGlobalSection
	GlobalSection(SolutionProperties) = preSolution
		HideSolutionNode = FALSE
	EndGlobalSection
	GlobalSection(ExtensibilityGlobals) = postSolution
		SolutionGuid = {18489CDB-9C39-45B5-86AE-05481E61E648}
	EndGlobalSection
EndGlobal
